github.com/aead/siphash v1.0.1 h1:FwHfE/T45KPKYuuSAKyyvE+oPWcaQ+CUmFW0bPlM+kg=
github.com/aead/siphash v1.0.1/go.mod h1:Nywa3cDsYNNK3gaciGTWPwHt0wlpNV15vwmswBAUSII=
github.com/aead/skein v0.0.0-20160722084837-9365ae6e95d2 h1:q5TSngwXJdajCyZPQR+eKyRRgI3/ZXC/Nq1ZxZ4Zxu8=
github.com/aead/skein v0.0.0-20160722084837-9365ae6e95d2/go.mod h1:4JBZEId5BaLqvA2DGU53phvwkn2WpeLhNSF79/uKBPs=
github.com/balacode/zr v0.0.0-20180630094203-20a16c14cf3f h1:EcKhgkzi4dWZ4kYfoiy7dRqOzhQrLQDyTHFv4MND8EI=
github.com/balacode/zr v0.0.0-20180630094203-20a16c14cf3f/go.mod h1:4Dsw+UE+zvGItgPMj9s2EUlLTL78jXN3PPMQhD8s1ow=
github.com/balacode/zr-whirl v0.0.0-20180614171236-f01fd6b4c8e8 h1:WfGpiNTtxYFmltDrwy8CC5JzpHHmjhUAzws2jliawbM=
github.com/balacode/zr-whirl v0.0.0-20180614171236-f01fd6b4c8e8/go.mod h1:TXQ18SUugZxot0NTStC9FL+Tw56qBkl0FYTGZuF95O4=
github.com/bitbandi/go-x11 v0.0.0-20171024232457-5fddbc9b2b09 h1:Gv0u6/aDygacB8WwTZCQURvifjTit87CdXAMuD+OEAY=
github.com/bitbandi/go-x11 v0.0.0-20171024232457-5fddbc9b2b09/go.mod h1:p4/CBgPWeJOuTuVf7TfNjYuqwIgP9MGdZ5NhaW4zF/E=
github.com/bitgoin/lyra2rev2 v0.0.0-20161212102046-bae9ad2043bb h1:2FbdV3Tfmli5z4jYgKrosbBRAA48PtYbt4igU5HaXY4=
github.com/bitgoin/lyra2rev2 v0.0.0-20161212102046-bae9ad2043bb/go.mod h1:0vfuB+dfDvUoqr7oGBAZzGvaAyxfKFsYnRwUrNM4ft8=
github.com/btcsuite/go-socks v0.0.0-20170105172521-4720035b7bfd h1:R/opQEbFEy9JGkIguV40SvRY1uliPX8ifOvi6ICsFCw=
github.com/btcsuite/go-socks v0.0.0-20170105172521-4720035b7bfd/go.mod h1:HHNXQzUsZCxOoE+CPiyCTO6x34Zs86zZUiwtpXoGdtg=
github.com/btcsuite/goleveldb v1.0.0 h1:Tvd0BfvqX9o823q1j2UZ/epQo09eJh6dTcRp79ilIN4=
github.com/btcsuite/goleveldb v1.0.0/go.mod h1:QiK9vBlgftBg6rWQIj6wFzbPfRjiykIEhBH4obrXJ/I=
github.com/btcsuite/snappy-go v1.0.0 h1:ZxaA6lo2EpxGddsA8JwWOcxlzRybb444sgmeJQMJGQE=
github.com/btcsuite/snappy-go v1.0.0/go.mod h1:8woku9dyThutzjeg+3xrA5iCpBRH8XEEg3lh6TiUghc=
github.com/btcsuite/websocket v0.0.0-20150119174127-31079b680792 h1:R8vQdOQdZ9Y3SkEwmHoWBmX1DNXhXZqlTpq6s4tyJGc=
github.com/btcsuite/websocket v0.0.0-20150119174127-31079b680792/go.mod h1:ghJtEyQwv5/p4Mg4C0fgbePVuGr935/5ddU9Z3TmDRY=
github.com/conformal/fastsha256 v0.0.0-20160815193821-637e65642941 h1:rOVcN552l7af5e6si8Wdd574TTEaBP6xqHiF7T1ZWsU=
github.com/conformal/fastsha256 v0.0.0-20160815193821-637e65642941/go.mod h1:L/DvjsI5Fhg+SLf++bxzYa06pZd1fwtOEm7CSFSmtjo=
github.com/davecgh/go-spew v1.1.1 h1:vj9j/u1bqnvCEfJOwUhtlOARqs3+rkHYY13jYWTU97c=
github.com/davecgh/go-spew v1.1.1/go.mod h1:J7Y8YcW2NihsgmVo/mv3lAwl/skON4iLHjSsI+c5H38=
github.com/dchest/blake256 v1.0.0 h1:6gUgI5MHdz9g0TdrgKqXsoDX+Zjxmm1Sc6OsoGru50I=
github.com/dchest/blake256 v1.0.0/go.mod h1:xXNWCE1jsAP8DAjP+rKw2MbeqLczjI3TRx2VK+9OEYY=
github.com/ebfe/keccak v0.0.0-20150115210727-5cc570678d1b h1:BMyjwV6Fal/Ffphi4dJfulSxMeDl0xFS2vs5QLr6rsI=
github.com/ebfe/keccak v0.0.0-20150115210727-5cc570678d1b/go.mod h1:fnviDXB7GJWiSUI9thIXmk9QKM8Rhj1JV/LcMRzkiVA=
github.com/farces/skein512 v0.0.0-20120410164649-c15ac24d52f3 h1:7cRiUiZ2ALeJbvMsrReDc+6ilp72RyOEgGYVhVnGvTc=
github.com/farces/skein512 v0.0.0-20120410164649-c15ac24d52f3/go.mod h1:BuBMDHiViiY6xjA6nE/g0bahHsWeb1thVnBjE17eCbk=
github.com/jessevdk/go-flags v1.4.0 h1:4IU2WS7AumrZ/40jfhf4QVDMsQwqA7VEHozFRrGARJA=
github.com/jessevdk/go-flags v1.4.0/go.mod h1:4FA24M0QyGHXBuZZK/XkWh8h0e1EYbRYJSGM75WSRxI=
github.com/jrick/logrotate v1.0.0 h1:lQ1bL/n9mBNeIXoTUoYRlK4dHuNJVofX9oWqBtPnSzI=
github.com/jrick/logrotate v1.0.0/go.mod h1:LNinyqDIJnpAur+b8yyulnQw/wDuN1+BYKlTRt3OuAQ=
github.com/kkdai/bstream v0.0.0-20181106074824-b3251f7901ec h1:n1NeQ3SgUHyISrjFFoO5dR748Is8dBL9qpaTNfphQrs=
github.com/kkdai/bstream v0.0.0-20181106074824-b3251f7901ec/go.mod h1:J+Gs4SYgM6CZQHDETBtE9HaSEkGmuNXF86RwHhHUvq4=
github.com/onsi/ginkgo v1.6.0/go.mod h1:lLunBs/Ym6LB5Z9jYTR76FiuTmxDTDusOGeTQH+WWjE=
github.com/onsi/gomega v1.4.1/go.mod h1:C1qb7wdrVGGVU+Z6iS04AVkA3Q65CEZX59MT0QO5uiA=
github.com/programmer10110/gostreebog v0.0.0-20170704145444-a3e1d28291b2 h1:gb6u48DzkRwDpNtqaQ+SQYNJ8G3epwf9uJHxtKXKHec=
github.com/programmer10110/gostreebog v0.0.0-20170704145444-a3e1d28291b2/go.mod h1:zSCZczSNxET3dzUjgsrViwmMCj8MRUw0bpEL+k7+IPE=
golang.org/x/crypto v0.0.0-20181112202954-3d3f9f413869 h1:kkXA53yGe04D0adEYJwEVQjeBppL01Exg+fnMjfUraU=
golang.org/x/crypto v0.0.0-20181112202954-3d3f9f413869/go.mod h1:6SG95UA2DQfeDnfUPMdvaQW0Q7yPrPDi9nlGo2tz2b4=
golang.org/x/net v0.0.0-20180719180050-a680a1efc54d/go.mod h1:mL1N/T3taQHkDXs73rZJwtUhF3w3ftmwwsq0BUmARs4=
golang.org/x/text v0.3.0/go.mod h1:NqM8EUOU14njkJ3fqMW+pc6Ldnwhi/IjpwHt7yyuwOQ=
gopkg.in/check.v1 v0.0.0-20161208181325-20d25e280405/go.mod h1:Co6ibVJAznAaIkqp8huTwlJQCZ016jof/cbN4VW5Yz0=
gopkg.in/yaml.v2 v2.2.1/go.mod h1:hI93XBmqTisBFMUTm0b8Fm+jr3Dg1NNxqwp+5A1VGuI=
